
Microsoft Visual Studio Solution File, Format Version 12.00
# Visual Studio Version 17
VisualStudioVersion = 17.11.35303.130
MinimumVisualStudioVersion = 10.0.40219.1
Project("{FAE04EC0-301F-11D3-BF4B-00C04F79EFBC}") = "My.Testcontainers.Couchbase.SyncGateway", "My.Testcontainers.Couchbase.SyncGateway.csproj", "{74BFFACC-CFF6-4206-9D9F-E1D3A5F66D8F}"
EndProject
Global
	GlobalSection(SolutionConfigurationPlatforms) = preSolution
		Debug|Any CPU = Debug|Any CPU
		Release|Any CPU = Release|Any CPU
	EndGlobalSection
	GlobalSection(ProjectConfigurationPlatforms) = postSolution
		{74BFFACC-CFF6-4206-9D9F-E1D3A5F66D8F}.Debug|Any CPU.ActiveCfg = Debug|Any CPU
		{74BFFACC-CFF6-4206-9D9F-E1D3A5F66D8F}.Debug|Any CPU.Build.0 = Debug|Any CPU
		{74BFFACC-CFF6-4206-9D9F-E1D3A5F66D8F}.Release|Any CPU.ActiveCfg = Release|Any CPU
		{74BFFACC-CFF6-4206-9D9F-E1D3A5F66D8F}.Release|Any CPU.Build.0 = Release|Any CPU
	EndGlobalSection
	GlobalSection(SolutionProperties) = preSolution
		HideSolutionNode = FALSE
	EndGlobalSection
	GlobalSection(ExtensibilityGlobals) = postSolution
		SolutionGuid = {90B1BD43-6035-44EE-BE11-5B6C3520839D}
	EndGlobalSection
EndGlobal
